
Microsoft Visual Studio Solution File, Format Version 11.00
# Visual Studio 2010
Project("{F184B08F-C81C-45F6-A57F-5ABD9991F28F}") = "Servo_Pic_Test", "Servo_Pic_Test\Servo_Pic_Test.vbproj", "{02A4F03A-551F-46E5-9158-608AEA4DBAD6}"
EndProject
Global
	GlobalSection(SolutionConfigurationPlatforms) = preSolution
		Debug|x86 = Debug|x86
		Release|x86 = Release|x86
	EndGlobalSection
	GlobalSection(ProjectConfigurationPlatforms) = postSolution
		{02A4F03A-551F-46E5-9158-608AEA4DBAD6}.Debug|x86.ActiveCfg = Debug|x86
		{02A4F03A-551F-46E5-9158-608AEA4DBAD6}.Debug|x86.Build.0 = Debug|x86
		{02A4F03A-551F-46E5-9158-608AEA4DBAD6}.Release|x86.ActiveCfg = Release|x86
		{02A4F03A-551F-46E5-9158-608AEA4DBAD6}.Release|x86.Build.0 = Release|x86
	EndGlobalSection
	GlobalSection(SolutionProperties) = preSolution
		HideSolutionNode = FALSE
	EndGlobalSection
EndGlobal
